
Microsoft Visual Studio Solution File, Format Version 12.00
# Visual Studio Version 17
VisualStudioVersion = 17.8.34330.188
MinimumVisualStudioVersion = 10.0.40219.1
Project("{FAE04EC0-301F-11D3-BF4B-00C04F79EFBC}") = "Crm_Angular_Test.Server", "Crm_Angular_Test.Server\Crm_Angular_Test.Server.csproj", "{59BE9CFB-7882-4796-BE58-FCF4954852BA}"
EndProject
Project("{54A90642-561A-4BB1-A94E-469ADEE60C69}") = "crm_angular_test.client", "crm_angular_test.client\crm_angular_test.client.esproj", "{B6371F92-92B7-4EF8-B084-32C0A8C50411}"
EndProject
Global
	GlobalSection(SolutionConfigurationPlatforms) = preSolution
		Debug|Any CPU = Debug|Any CPU
		Release|Any CPU = Release|Any CPU
	EndGlobalSection
	GlobalSection(ProjectConfigurationPlatforms) = postSolution
		{59BE9CFB-7882-4796-BE58-FCF4954852BA}.Debug|Any CPU.ActiveCfg = Debug|Any CPU
		{59BE9CFB-7882-4796-BE58-FCF4954852BA}.Debug|Any CPU.Build.0 = Debug|Any CPU
		{59BE9CFB-7882-4796-BE58-FCF4954852BA}.Release|Any CPU.ActiveCfg = Release|Any CPU
		{59BE9CFB-7882-4796-BE58-FCF4954852BA}.Release|Any CPU.Build.0 = Release|Any CPU
		{B6371F92-92B7-4EF8-B084-32C0A8C50411}.Debug|Any CPU.ActiveCfg = Debug|Any CPU
		{B6371F92-92B7-4EF8-B084-32C0A8C50411}.Debug|Any CPU.Build.0 = Debug|Any CPU
		{B6371F92-92B7-4EF8-B084-32C0A8C50411}.Debug|Any CPU.Deploy.0 = Debug|Any CPU
		{B6371F92-92B7-4EF8-B084-32C0A8C50411}.Release|Any CPU.ActiveCfg = Release|Any CPU
		{B6371F92-92B7-4EF8-B084-32C0A8C50411}.Release|Any CPU.Build.0 = Release|Any CPU
		{B6371F92-92B7-4EF8-B084-32C0A8C50411}.Release|Any CPU.Deploy.0 = Release|Any CPU
	EndGlobalSection
	GlobalSection(SolutionProperties) = preSolution
		HideSolutionNode = FALSE
	EndGlobalSection
	GlobalSection(ExtensibilityGlobals) = postSolution
		SolutionGuid = {2628621C-15B9-48F9-887F-D426F0D3A398}
	EndGlobalSection
EndGlobal
